// !$*UTF8*$!
{
	archiveVersion = 1;
	classes = {
	};
	objectVersion = 56;
	objects = {

/* Begin PBXBuildFile section */
		3F4FE0B22A036B8B00DA0418 /* AppDelegate.swift in Sources */ = {isa = PBXBuildFile; fileRef = 3F4FE0B12A036B8B00DA0418 /* AppDelegate.swift */; };
		3F4FE0B42A036B8B00DA0418 /* SceneDelegate.swift in Sources */ = {isa = PBXBuildFile; fileRef = 3F4FE0B32A036B8B00DA0418 /* SceneDelegate.swift */; };
		3F4FE0B92A036B8B00DA0418 /* Main.storyboard in Resources */ = {isa = PBXBuildFile; fileRef = 3F4FE0B72A036B8B00DA0418 /* Main.storyboard */; };
		3F4FE0BC2A036B8B00DA0418 /* Patisseria.xcdatamodeld in Sources */ = {isa = PBXBuildFile; fileRef = 3F4FE0BA2A036B8B00DA0418 /* Patisseria.xcdatamodeld */; };
		3F4FE0BE2A036B8C00DA0418 /* Assets.xcassets in Resources */ = {isa = PBXBuildFile; fileRef = 3F4FE0BD2A036B8C00DA0418 /* Assets.xcassets */; };
		3F4FE0C12A036B8C00DA0418 /* LaunchScreen.storyboard in Resources */ = {isa = PBXBuildFile; fileRef = 3F4FE0BF2A036B8C00DA0418 /* LaunchScreen.storyboard */; };
		3F4FE0CD2A037BB200DA0418 /* OnboardingViewController.swift in Sources */ = {isa = PBXBuildFile; fileRef = 3F4FE0CC2A037BB200DA0418 /* OnboardingViewController.swift */; };
		3F4FE0D02A037ED800DA0418 /* UIView+Extension.swift in Sources */ = {isa = PBXBuildFile; fileRef = 3F4FE0CF2A037ED800DA0418 /* UIView+Extension.swift */; };
		3F4FE0D22A03805C00DA0418 /* OnboardingSlide.swift in Sources */ = {isa = PBXBuildFile; fileRef = 3F4FE0D12A03805C00DA0418 /* OnboardingSlide.swift */; };
		3F4FE0D42A03830E00DA0418 /* OnboardingCollectionViewCell.swift in Sources */ = {isa = PBXBuildFile; fileRef = 3F4FE0D32A03830E00DA0418 /* OnboardingCollectionViewCell.swift */; };
		3F590E6D2A03AF3400CD61EA /* LoginViewController.swift in Sources */ = {isa = PBXBuildFile; fileRef = 3F590E6C2A03AF3400CD61EA /* LoginViewController.swift */; };
		3F590E702A03C05400CD61EA /* RegisterViewController.swift in Sources */ = {isa = PBXBuildFile; fileRef = 3F590E6F2A03C05400CD61EA /* RegisterViewController.swift */; };
/* End PBXBuildFile section */

/* Begin PBXFileReference section */
		3F4FE0AE2A036B8B00DA0418 /* Patisseria.app */ = {isa = PBXFileReference; explicitFileType = wrapper.application; includeInIndex = 0; path = Patisseria.app; sourceTree = BUILT_PRODUCTS_DIR; };
		3F4FE0B12A036B8B00DA0418 /* AppDelegate.swift */ = {isa = PBXFileReference; lastKnownFileType = sourcecode.swift; path = AppDelegate.swift; sourceTree = "<group>"; };
		3F4FE0B32A036B8B00DA0418 /* SceneDelegate.swift */ = {isa = PBXFileReference; lastKnownFileType = sourcecode.swift; path = SceneDelegate.swift; sourceTree = "<group>"; };
		3F4FE0B82A036B8B00DA0418 /* Base */ = {isa = PBXFileReference; lastKnownFileType = file.storyboard; name = Base; path = Base.lproj/Main.storyboard; sourceTree = "<group>"; };
		3F4FE0BB2A036B8B00DA0418 /* Patisseria.xcdatamodel */ = {isa = PBXFileReference; lastKnownFileType = wrapper.xcdatamodel; path = Patisseria.xcdatamodel; sourceTree = "<group>"; };
		3F4FE0BD2A036B8C00DA0418 /* Assets.xcassets */ = {isa = PBXFileReference; lastKnownFileType = folder.assetcatalog; path = Assets.xcassets; sourceTree = "<group>"; };
		3F4FE0C02A036B8C00DA0418 /* Base */ = {isa = PBXFileReference; lastKnownFileType = file.storyboard; name = Base; path = Base.lproj/LaunchScreen.storyboard; sourceTree = "<group>"; };
		3F4FE0C22A036B8C00DA0418 /* Info.plist */ = {isa = PBXFileReference; lastKnownFileType = text.plist.xml; path = Info.plist; sourceTree = "<group>"; };
		3F4FE0CC2A037BB200DA0418 /* OnboardingViewController.swift */ = {isa = PBXFileReference; lastKnownFileType = sourcecode.swift; path = OnboardingViewController.swift; sourceTree = "<group>"; };
		3F4FE0CF2A037ED800DA0418 /* UIView+Extension.swift */ = {isa = PBXFileReference; lastKnownFileType = sourcecode.swift; path = "UIView+Extension.swift"; sourceTree = "<group>"; };
		3F4FE0D12A03805C00DA0418 /* OnboardingSlide.swift */ = {isa = PBXFileReference; lastKnownFileType = sourcecode.swift; path = OnboardingSlide.swift; sourceTree = "<group>"; };
		3F4FE0D32A03830E00DA0418 /* OnboardingCollectionViewCell.swift */ = {isa = PBXFileReference; lastKnownFileType = sourcecode.swift; path = OnboardingCollectionViewCell.swift; sourceTree = "<group>"; };
		3F590E6C2A03AF3400CD61EA /* LoginViewController.swift */ = {isa = PBXFileReference; lastKnownFileType = sourcecode.swift; path = LoginViewController.swift; sourceTree = "<group>"; };
		3F590E6F2A03C05400CD61EA /* RegisterViewController.swift */ = {isa = PBXFileReference; lastKnownFileType = sourcecode.swift; path = RegisterViewController.swift; sourceTree = "<group>"; };
/* End PBXFileReference section */

/* Begin PBXFrameworksBuildPhase section */
		3F4FE0AB2A036B8B00DA0418 /* Frameworks */ = {
			isa = PBXFrameworksBuildPhase;
			buildActionMask = 2147483647;
			files = (
			);
			runOnlyForDeploymentPostprocessing = 0;
		};
/* End PBXFrameworksBuildPhase section */

/* Begin PBXGroup section */
		3F4FE0A52A036B8B00DA0418 = {
			isa = PBXGroup;
			children = (
				3F4FE0B02A036B8B00DA0418 /* Patisseria */,
				3F4FE0AF2A036B8B00DA0418 /* Products */,
			);
			sourceTree = "<group>";
		};
		3F4FE0AF2A036B8B00DA0418 /* Products */ = {
			isa = PBXGroup;
			children = (
				3F4FE0AE2A036B8B00DA0418 /* Patisseria.app */,
			);
			name = Products;
			sourceTree = "<group>";
		};
		3F4FE0B02A036B8B00DA0418 /* Patisseria */ = {
			isa = PBXGroup;
			children = (
				3F4FE0CE2A037EA400DA0418 /* Extensions */,
				3F4FE0CA2A037B6700DA0418 /* CustomViews */,
				3F4FE0C92A037B5D00DA0418 /* Views */,
				3F4FE0C82A037B4F00DA0418 /* Models */,
				3F4FE0B12A036B8B00DA0418 /* AppDelegate.swift */,
				3F4FE0B32A036B8B00DA0418 /* SceneDelegate.swift */,
				3F4FE0B72A036B8B00DA0418 /* Main.storyboard */,
				3F4FE0BD2A036B8C00DA0418 /* Assets.xcassets */,
				3F4FE0BF2A036B8C00DA0418 /* LaunchScreen.storyboard */,
				3F4FE0C22A036B8C00DA0418 /* Info.plist */,
				3F4FE0BA2A036B8B00DA0418 /* Patisseria.xcdatamodeld */,
			);
			path = Patisseria;
			sourceTree = "<group>";
		};
		3F4FE0C82A037B4F00DA0418 /* Models */ = {
			isa = PBXGroup;
			children = (
				3F4FE0D12A03805C00DA0418 /* OnboardingSlide.swift */,
			);
			path = Models;
			sourceTree = "<group>";
		};
		3F4FE0C92A037B5D00DA0418 /* Views */ = {
			isa = PBXGroup;
			children = (
				3F590E6E2A03C04100CD61EA /* Register */,
				3F590E6B2A03AF1C00CD61EA /* Login */,
				3F4FE0CB2A037B7900DA0418 /* Onboarding */,
			);
			path = Views;
			sourceTree = "<group>";
		};
		3F4FE0CA2A037B6700DA0418 /* CustomViews */ = {
			isa = PBXGroup;
			children = (
			);
			path = CustomViews;
			sourceTree = "<group>";
		};
		3F4FE0CB2A037B7900DA0418 /* Onboarding */ = {
			isa = PBXGroup;
			children = (
				3F4FE0CC2A037BB200DA0418 /* OnboardingViewController.swift */,
				3F4FE0D32A03830E00DA0418 /* OnboardingCollectionViewCell.swift */,
			);
			path = Onboarding;
			sourceTree = "<group>";
		};
		3F4FE0CE2A037EA400DA0418 /* Extensions */ = {
			isa = PBXGroup;
			children = (
				3F4FE0CF2A037ED800DA0418 /* UIView+Extension.swift */,
			);
			path = Extensions;
			sourceTree = "<group>";
		};
		3F590E6B2A03AF1C00CD61EA /* Login */ = {
			isa = PBXGroup;
			children = (
				3F590E6C2A03AF3400CD61EA /* LoginViewController.swift */,
			);
			path = Login;
			sourceTree = "<group>";
		};
		3F590E6E2A03C04100CD61EA /* Register */ = {
			isa = PBXGroup;
			children = (
				3F590E6F2A03C05400CD61EA /* RegisterViewController.swift */,
			);
			path = Register;
			sourceTree = "<group>";
		};
/* End PBXGroup section */

/* Begin PBXNativeTarget section */
		3F4FE0AD2A036B8B00DA0418 /* Patisseria */ = {
			isa = PBXNativeTarget;
			buildConfigurationList = 3F4FE0C52A036B8C00DA0418 /* Build configuration list for PBXNativeTarget "Patisseria" */;
			buildPhases = (
				3F4FE0AA2A036B8B00DA0418 /* Sources */,
				3F4FE0AB2A036B8B00DA0418 /* Frameworks */,
				3F4FE0AC2A036B8B00DA0418 /* Resources */,
			);
			buildRules = (
			);
			dependencies = (
			);
			name = Patisseria;
			productName = Patisseria;
			productReference = 3F4FE0AE2A036B8B00DA0418 /* Patisseria.app */;
			productType = "com.apple.product-type.application";
		};
/* End PBXNativeTarget section */

/* Begin PBXProject section */
		3F4FE0A62A036B8B00DA0418 /* Project object */ = {
			isa = PBXProject;
			attributes = {
				BuildIndependentTargetsInParallel = 1;
				LastSwiftUpdateCheck = 1420;
				LastUpgradeCheck = 1420;
				TargetAttributes = {
					3F4FE0AD2A036B8B00DA0418 = {
						CreatedOnToolsVersion = 14.2;
					};
				};
			};
			buildConfigurationList = 3F4FE0A92A036B8B00DA0418 /* Build configuration list for PBXProject "Patisseria" */;
			compatibilityVersion = "Xcode 14.0";
			developmentRegion = en;
			hasScannedForEncodings = 0;
			knownRegions = (
				en,
				Base,
			);
			mainGroup = 3F4FE0A52A036B8B00DA0418;
			productRefGroup = 3F4FE0AF2A036B8B00DA0418 /* Products */;
			projectDirPath = "";
			projectRoot = "";
			targets = (
				3F4FE0AD2A036B8B00DA0418 /* Patisseria */,
			);
		};
/* End PBXProject section */

/* Begin PBXResourcesBuildPhase section */
		3F4FE0AC2A036B8B00DA0418 /* Resources */ = {
			isa = PBXResourcesBuildPhase;
			buildActionMask = 2147483647;
			files = (
				3F4FE0C12A036B8C00DA0418 /* LaunchScreen.storyboard in Resources */,
				3F4FE0BE2A036B8C00DA0418 /* Assets.xcassets in Resources */,
				3F4FE0B92A036B8B00DA0418 /* Main.storyboard in Resources */,
			);
			runOnlyForDeploymentPostprocessing = 0;
		};
/* End PBXResourcesBuildPhase section */

/* Begin PBXSourcesBuildPhase section */
		3F4FE0AA2A036B8B00DA0418 /* Sources */ = {
			isa = PBXSourcesBuildPhase;
			buildActionMask = 2147483647;
			files = (
				3F590E702A03C05400CD61EA /* RegisterViewController.swift in Sources */,
				3F4FE0BC2A036B8B00DA0418 /* Patisseria.xcdatamodeld in Sources */,
				3F4FE0CD2A037BB200DA0418 /* OnboardingViewController.swift in Sources */,
				3F4FE0B22A036B8B00DA0418 /* AppDelegate.swift in Sources */,
				3F4FE0D02A037ED800DA0418 /* UIView+Extension.swift in Sources */,
				3F590E6D2A03AF3400CD61EA /* LoginViewController.swift in Sources */,
				3F4FE0D22A03805C00DA0418 /* OnboardingSlide.swift in Sources */,
				3F4FE0D42A03830E00DA0418 /* OnboardingCollectionViewCell.swift in Sources */,
				3F4FE0B42A036B8B00DA0418 /* SceneDelegate.swift in Sources */,
			);
			runOnlyForDeploymentPostprocessing = 0;
		};
/* End PBXSourcesBuildPhase section */

/* Begin PBXVariantGroup section */
		3F4FE0B72A036B8B00DA0418 /* Main.storyboard */ = {
			isa = PBXVariantGroup;
			children = (
				3F4FE0B82A036B8B00DA0418 /* Base */,
			);
			name = Main.storyboard;
			sourceTree = "<group>";
		};
		3F4FE0BF2A036B8C00DA0418 /* LaunchScreen.storyboard */ = {
			isa = PBXVariantGroup;
			children = (
				3F4FE0C02A036B8C00DA0418 /* Base */,
			);
			name = LaunchScreen.storyboard;
			sourceTree = "<group>";
		};
/* End PBXVariantGroup section */

/* Begin XCBuildConfiguration section */
		3F4FE0C32A036B8C00DA0418 /* Debug */ = {
			isa = XCBuildConfiguration;
			buildSettings = {
				ALWAYS_SEARCH_USER_PATHS = NO;
				CLANG_ANALYZER_NONNULL = YES;
				CLANG_ANALYZER_NUMBER_OBJECT_CONVERSION = YES_AGGRESSIVE;
				CLANG_CXX_LANGUAGE_STANDARD = "gnu++20";
				CLANG_ENABLE_MODULES = YES;
				CLANG_ENABLE_OBJC_ARC = YES;
				CLANG_ENABLE_OBJC_WEAK = YES;
				CLANG_WARN_BLOCK_CAPTURE_AUTORELEASING = YES;
				CLANG_WARN_BOOL_CONVERSION = YES;
				CLANG_WARN_COMMA = YES;
				CLANG_WARN_CONSTANT_CONVERSION = YES;
				CLANG_WARN_DEPRECATED_OBJC_IMPLEMENTATIONS = YES;
				CLANG_WARN_DIRECT_OBJC_ISA_USAGE = YES_ERROR;
				CLANG_WARN_DOCUMENTATION_COMMENTS = YES;
				CLANG_WARN_EMPTY_BODY = YES;
				CLANG_WARN_ENUM_CONVERSION = YES;
				CLANG_WARN_INFINITE_RECURSION = YES;
				CLANG_WARN_INT_CONVERSION = YES;
				CLANG_WARN_NON_LITERAL_NULL_CONVERSION = YES;
				CLANG_WARN_OBJC_IMPLICIT_RETAIN_SELF = YES;
				CLANG_WARN_OBJC_LITERAL_CONVERSION = YES;
				CLANG_WARN_OBJC_ROOT_CLASS = YES_ERROR;
				CLANG_WARN_QUOTED_INCLUDE_IN_FRAMEWORK_HEADER = YES;
				CLANG_WARN_RANGE_LOOP_ANALYSIS = YES;
				CLANG_WARN_STRICT_PROTOTYPES = YES;
				CLANG_WARN_SUSPICIOUS_MOVE = YES;
				CLANG_WARN_UNGUARDED_AVAILABILITY = YES_AGGRESSIVE;
				CLANG_WARN_UNREACHABLE_CODE = YES;
				CLANG_WARN__DUPLICATE_METHOD_MATCH = YES;
				COPY_PHASE_STRIP = NO;
				DEBUG_INFORMATION_FORMAT = dwarf;
				ENABLE_STRICT_OBJC_MSGSEND = YES;
				ENABLE_TESTABILITY = YES;
				GCC_C_LANGUAGE_STANDARD = gnu11;
				GCC_DYNAMIC_NO_PIC = NO;
				GCC_NO_COMMON_BLOCKS = YES;
				GCC_OPTIMIZATION_LEVEL = 0;
				GCC_PREPROCESSOR_DEFINITIONS = (
					"DEBUG=1",
					"$(inherited)",
				);
				GCC_WARN_64_TO_32_BIT_CONVERSION = YES;
				GCC_WARN_ABOUT_RETURN_TYPE = YES_ERROR;
				GCC_WARN_UNDECLARED_SELECTOR = YES;
				GCC_WARN_UNINITIALIZED_AUTOS = YES_AGGRESSIVE;
				GCC_WARN_UNUSED_FUNCTION = YES;
				GCC_WARN_UNUSED_VARIABLE = YES;
				IPHONEOS_DEPLOYMENT_TARGET = 16.2;
				MTL_ENABLE_DEBUG_INFO = INCLUDE_SOURCE;
				MTL_FAST_MATH = YES;
				ONLY_ACTIVE_ARCH = YES;
				SDKROOT = iphoneos;
				SWIFT_ACTIVE_COMPILATION_CONDITIONS = DEBUG;
				SWIFT_OPTIMIZATION_LEVEL = "-Onone";
			};
			name = Debug;
		};
		3F4FE0C42A036B8C00DA0418 /* Release */ = {
			isa = XCBuildConfiguration;
			buildSettings = {
				ALWAYS_SEARCH_USER_PATHS = NO;
				CLANG_ANALYZER_NONNULL = YES;
				CLANG_ANALYZER_NUMBER_OBJECT_CONVERSION = YES_AGGRESSIVE;
				CLANG_CXX_LANGUAGE_STANDARD = "gnu++20";
				CLANG_ENABLE_MODULES = YES;
				CLANG_ENABLE_OBJC_ARC = YES;
				CLANG_ENABLE_OBJC_WEAK = YES;
				CLANG_WARN_BLOCK_CAPTURE_AUTORELEASING = YES;
				CLANG_WARN_BOOL_CONVERSION = YES;
				CLANG_WARN_COMMA = YES;
				CLANG_WARN_CONSTANT_CONVERSION = YES;
				CLANG_WARN_DEPRECATED_OBJC_IMPLEMENTATIONS = YES;
				CLANG_WARN_DIRECT_OBJC_ISA_USAGE = YES_ERROR;
				CLANG_WARN_DOCUMENTATION_COMMENTS = YES;
				CLANG_WARN_EMPTY_BODY = YES;
				CLANG_WARN_ENUM_CONVERSION = YES;
				CLANG_WARN_INFINITE_RECURSION = YES;
				CLANG_WARN_INT_CONVERSION = YES;
				CLANG_WARN_NON_LITERAL_NULL_CONVERSION = YES;
				CLANG_WARN_OBJC_IMPLICIT_RETAIN_SELF = YES;
				CLANG_WARN_OBJC_LITERAL_CONVERSION = YES;
				CLANG_WARN_OBJC_ROOT_CLASS = YES_ERROR;
				CLANG_WARN_QUOTED_INCLUDE_IN_FRAMEWORK_HEADER = YES;
				CLANG_WARN_RANGE_LOOP_ANALYSIS = YES;
				CLANG_WARN_STRICT_PROTOTYPES = YES;
				CLANG_WARN_SUSPICIOUS_MOVE = YES;
				CLANG_WARN_UNGUARDED_AVAILABILITY = YES_AGGRESSIVE;
				CLANG_WARN_UNREACHABLE_CODE = YES;
				CLANG_WARN__DUPLICATE_METHOD_MATCH = YES;
				COPY_PHASE_STRIP = NO;
				DEBUG_INFORMATION_FORMAT = "dwarf-with-dsym";
				ENABLE_NS_ASSERTIONS = NO;
				ENABLE_STRICT_OBJC_MSGSEND = YES;
				GCC_C_LANGUAGE_STANDARD = gnu11;
				GCC_NO_COMMON_BLOCKS = YES;
				GCC_WARN_64_TO_32_BIT_CONVERSION = YES;
				GCC_WARN_ABOUT_RETURN_TYPE = YES_ERROR;
				GCC_WARN_UNDECLARED_SELECTOR = YES;
				GCC_WARN_UNINITIALIZED_AUTOS = YES_AGGRESSIVE;
				GCC_WARN_UNUSED_FUNCTION = YES;
				GCC_WARN_UNUSED_VARIABLE = YES;
				IPHONEOS_DEPLOYMENT_TARGET = 16.2;
				MTL_ENABLE_DEBUG_INFO = NO;
				MTL_FAST_MATH = YES;
				SDKROOT = iphoneos;
				SWIFT_COMPILATION_MODE = wholemodule;
				SWIFT_OPTIMIZATION_LEVEL = "-O";
				VALIDATE_PRODUCT = YES;
			};
			name = Release;
		};
		3F4FE0C62A036B8C00DA0418 /* Debug */ = {
			isa = XCBuildConfiguration;
			buildSettings = {
				ASSETCATALOG_COMPILER_APPICON_NAME = AppIcon;
				ASSETCATALOG_COMPILER_GLOBAL_ACCENT_COLOR_NAME = AccentColor;
				CODE_SIGN_STYLE = Automatic;
				CURRENT_PROJECT_VERSION = 1;
				GENERATE_INFOPLIST_FILE = YES;
				INFOPLIST_FILE = Patisseria/Info.plist;
				INFOPLIST_KEY_UIApplicationSupportsIndirectInputEvents = YES;
				INFOPLIST_KEY_UILaunchStoryboardName = LaunchScreen;
				INFOPLIST_KEY_UIMainStoryboardFile = Main;
				INFOPLIST_KEY_UISupportedInterfaceOrientations = UIInterfaceOrientationPortrait;
				LD_RUNPATH_SEARCH_PATHS = (
					"$(inherited)",
					"@executable_path/Frameworks",
				);
				MARKETING_VERSION = 1.0;
				PRODUCT_BUNDLE_IDENTIFIER = ManukauInstituteOfTechnology.Patisseria;
				PRODUCT_NAME = "$(TARGET_NAME)";
				SWIFT_EMIT_LOC_STRINGS = YES;
				SWIFT_VERSION = 5.0;
				TARGETED_DEVICE_FAMILY = "1,2";
			};
			name = Debug;
		};
		3F4FE0C72A036B8C00DA0418 /* Release */ = {
			isa = XCBuildConfiguration;
			buildSettings = {
				ASSETCATALOG_COMPILER_APPICON_NAME = AppIcon;
				ASSETCATALOG_COMPILER_GLOBAL_ACCENT_COLOR_NAME = AccentColor;
				CODE_SIGN_STYLE = Automatic;
				CURRENT_PROJECT_VERSION = 1;
				GENERATE_INFOPLIST_FILE = YES;
				INFOPLIST_FILE = Patisseria/Info.plist;
				INFOPLIST_KEY_UIApplicationSupportsIndirectInputEvents = YES;
				INFOPLIST_KEY_UILaunchStoryboardName = LaunchScreen;
				INFOPLIST_KEY_UIMainStoryboardFile = Main;
				INFOPLIST_KEY_UISupportedInterfaceOrientations = UIInterfaceOrientationPortrait;
				LD_RUNPATH_SEARCH_PATHS = (
					"$(inherited)",
					"@executable_path/Frameworks",
				);
				MARKETING_VERSION = 1.0;
				PRODUCT_BUNDLE_IDENTIFIER = ManukauInstituteOfTechnology.Patisseria;
				PRODUCT_NAME = "$(TARGET_NAME)";
				SWIFT_EMIT_LOC_STRINGS = YES;
				SWIFT_VERSION = 5.0;
				TARGETED_DEVICE_FAMILY = "1,2";
			};
			name = Release;
		};
/* End XCBuildConfiguration section */

/* Begin XCConfigurationList section */
		3F4FE0A92A036B8B00DA0418 /* Build configuration list for PBXProject "Patisseria" */ = {
			isa = XCConfigurationList;
			buildConfigurations = (
				3F4FE0C32A036B8C00DA0418 /* Debug */,
				3F4FE0C42A036B8C00DA0418 /* Release */,
			);
			defaultConfigurationIsVisible = 0;
			defaultConfigurationName = Release;
		};
		3F4FE0C52A036B8C00DA0418 /* Build configuration list for PBXNativeTarget "Patisseria" */ = {
			isa = XCConfigurationList;
			buildConfigurations = (
				3F4FE0C62A036B8C00DA0418 /* Debug */,
				3F4FE0C72A036B8C00DA0418 /* Release */,
			);
			defaultConfigurationIsVisible = 0;
			defaultConfigurationName = Release;
		};
/* End XCConfigurationList section */

/* Begin XCVersionGroup section */
		3F4FE0BA2A036B8B00DA0418 /* Patisseria.xcdatamodeld */ = {
			isa = XCVersionGroup;
			children = (
				3F4FE0BB2A036B8B00DA0418 /* Patisseria.xcdatamodel */,
			);
			currentVersion = 3F4FE0BB2A036B8B00DA0418 /* Patisseria.xcdatamodel */;
			path = Patisseria.xcdatamodeld;
			sourceTree = "<group>";
			versionGroupType = wrapper.xcdatamodel;
		};
/* End XCVersionGroup section */
	};
	rootObject = 3F4FE0A62A036B8B00DA0418 /* Project object */;
}
